<Solution>
  <Folder Name="/UnitTests/">
    <Project Path="UnitTest.MySql/UnitTest.MySql.csproj" />
    <Project Path="UnitTest.Sqlite/UnitTest.Sqlite.csproj" />
  </Folder>
  <Project Path="Delly.DBunny.MySql/Delly.DBunny.MySql.csproj" />
  <Project Path="Delly.DBunny.PostgreSql/Delly.DBunny.PostgreSql.csproj" />
  <Project Path="Delly.DBunny.Sqlite/Delly.DBunny.Sqlite.csproj" Id="a737013f-61a0-45c4-bb76-1416c7794186" />
  <Project Path="Delly.DBunny/Delly.DBunny.csproj" />
</Solution>
